// !$*UTF8*$!
{
	archiveVersion = 1;
	classes = {
	};
	objectVersion = 77;
	objects = {

/* Begin PBXBuildFile section */
		F32271E32D034697005D51C8 /* FirebaseHelper.framework in Frameworks */ = {isa = PBXBuildFile; fileRef = F32271DA2D034697005D51C8 /* FirebaseHelper.framework */; };
		F32271F52D03470B005D51C8 /* FirebaseAuth in Frameworks */ = {isa = PBXBuildFile; productRef = F32271F42D03470B005D51C8 /* FirebaseAuth */; };
		F32271F72D03470B005D51C8 /* FirebaseAuthCombine-Community in Frameworks */ = {isa = PBXBuildFile; productRef = F32271F62D03470B005D51C8 /* FirebaseAuthCombine-Community */; };
		F32271F92D03470B005D51C8 /* FirebaseCore in Frameworks */ = {isa = PBXBuildFile; productRef = F32271F82D03470B005D51C8 /* FirebaseCore */; };
		F32271FB2D03470B005D51C8 /* FirebaseDatabase in Frameworks */ = {isa = PBXBuildFile; productRef = F32271FA2D03470B005D51C8 /* FirebaseDatabase */; };
		F32271FD2D03470B005D51C8 /* FirebaseFirestore in Frameworks */ = {isa = PBXBuildFile; productRef = F32271FC2D03470B005D51C8 /* FirebaseFirestore */; };
		F32271FF2D03470B005D51C8 /* FirebaseFirestoreCombine-Community in Frameworks */ = {isa = PBXBuildFile; productRef = F32271FE2D03470B005D51C8 /* FirebaseFirestoreCombine-Community */; };
		F32272012D03470B005D51C8 /* FirebaseStorage in Frameworks */ = {isa = PBXBuildFile; productRef = F32272002D03470B005D51C8 /* FirebaseStorage */; };
		F32272032D03470B005D51C8 /* FirebaseStorageCombine-Community in Frameworks */ = {isa = PBXBuildFile; productRef = F32272022D03470B005D51C8 /* FirebaseStorageCombine-Community */; };
		F3BA88742D04A120001B624F /* FitFoodCore.framework in Frameworks */ = {isa = PBXBuildFile; fileRef = F3BA88732D04A120001B624F /* FitFoodCore.framework */; };
		F3BA88752D04A120001B624F /* FitFoodCore.framework in Embed Frameworks */ = {isa = PBXBuildFile; fileRef = F3BA88732D04A120001B624F /* FitFoodCore.framework */; settings = {ATTRIBUTES = (CodeSignOnCopy, RemoveHeadersOnCopy, ); }; };
		F3BA88772D04A142001B624F /* FitFoodCore.framework in Frameworks */ = {isa = PBXBuildFile; fileRef = F3BA88762D04A142001B624F /* FitFoodCore.framework */; };
		F3BA88782D04A142001B624F /* FitFoodCore.framework in Embed Frameworks */ = {isa = PBXBuildFile; fileRef = F3BA88762D04A142001B624F /* FitFoodCore.framework */; settings = {ATTRIBUTES = (CodeSignOnCopy, RemoveHeadersOnCopy, ); }; };
/* End PBXBuildFile section */

/* Begin PBXContainerItemProxy section */
		F32271E42D034697005D51C8 /* PBXContainerItemProxy */ = {
			isa = PBXContainerItemProxy;
			containerPortal = F32271D12D034697005D51C8 /* Project object */;
			proxyType = 1;
			remoteGlobalIDString = F32271D92D034697005D51C8;
			remoteInfo = FirebaseHelper;
		};
/* End PBXContainerItemProxy section */

/* Begin PBXCopyFilesBuildPhase section */
		F3BA886B2D049CF4001B624F /* Embed Frameworks */ = {
			isa = PBXCopyFilesBuildPhase;
			buildActionMask = 2147483647;
			dstPath = "";
			dstSubfolderSpec = 10;
			files = (
				F3BA88752D04A120001B624F /* FitFoodCore.framework in Embed Frameworks */,
			);
			name = "Embed Frameworks";
			runOnlyForDeploymentPostprocessing = 0;
		};
		F3BA88792D04A142001B624F /* Embed Frameworks */ = {
			isa = PBXCopyFilesBuildPhase;
			buildActionMask = 2147483647;
			dstPath = "";
			dstSubfolderSpec = 10;
			files = (
				F3BA88782D04A142001B624F /* FitFoodCore.framework in Embed Frameworks */,
			);
			name = "Embed Frameworks";
			runOnlyForDeploymentPostprocessing = 0;
		};
/* End PBXCopyFilesBuildPhase section */

/* Begin PBXFileReference section */
		F32271DA2D034697005D51C8 /* FirebaseHelper.framework */ = {isa = PBXFileReference; explicitFileType = wrapper.framework; includeInIndex = 0; path = FirebaseHelper.framework; sourceTree = BUILT_PRODUCTS_DIR; };
		F32271E22D034697005D51C8 /* FirebaseHelperTests.xctest */ = {isa = PBXFileReference; explicitFileType = wrapper.cfbundle; includeInIndex = 0; path = FirebaseHelperTests.xctest; sourceTree = BUILT_PRODUCTS_DIR; };
		F3BA88732D04A120001B624F /* FitFoodCore.framework */ = {isa = PBXFileReference; explicitFileType = wrapper.framework; path = FitFoodCore.framework; sourceTree = BUILT_PRODUCTS_DIR; };
		F3BA88762D04A142001B624F /* FitFoodCore.framework */ = {isa = PBXFileReference; explicitFileType = wrapper.framework; path = FitFoodCore.framework; sourceTree = BUILT_PRODUCTS_DIR; };
/* End PBXFileReference section */

/* Begin PBXFileSystemSynchronizedBuildFileExceptionSet section */
		F32271EA2D034697005D51C8 /* Exceptions for "FirebaseHelper" folder in "FirebaseHelper" target */ = {
			isa = PBXFileSystemSynchronizedBuildFileExceptionSet;
			publicHeaders = (
				FirebaseHelper.h,
			);
			target = F32271D92D034697005D51C8 /* FirebaseHelper */;
		};
/* End PBXFileSystemSynchronizedBuildFileExceptionSet section */

/* Begin PBXFileSystemSynchronizedRootGroup section */
		F32271DC2D034697005D51C8 /* FirebaseHelper */ = {
			isa = PBXFileSystemSynchronizedRootGroup;
			exceptions = (
				F32271EA2D034697005D51C8 /* Exceptions for "FirebaseHelper" folder in "FirebaseHelper" target */,
			);
			path = FirebaseHelper;
			sourceTree = "<group>";
		};
		F32271E62D034697005D51C8 /* FirebaseHelperTests */ = {
			isa = PBXFileSystemSynchronizedRootGroup;
			path = FirebaseHelperTests;
			sourceTree = "<group>";
		};
/* End PBXFileSystemSynchronizedRootGroup section */

/* Begin PBXFrameworksBuildPhase section */
		F32271D72D034697005D51C8 /* Frameworks */ = {
			isa = PBXFrameworksBuildPhase;
			buildActionMask = 2147483647;
			files = (
				F32271F52D03470B005D51C8 /* FirebaseAuth in Frameworks */,
				F32271F92D03470B005D51C8 /* FirebaseCore in Frameworks */,
				F3BA88742D04A120001B624F /* FitFoodCore.framework in Frameworks */,
				F32272032D03470B005D51C8 /* FirebaseStorageCombine-Community in Frameworks */,
				F32271FB2D03470B005D51C8 /* FirebaseDatabase in Frameworks */,
				F32271FF2D03470B005D51C8 /* FirebaseFirestoreCombine-Community in Frameworks */,
				F32272012D03470B005D51C8 /* FirebaseStorage in Frameworks */,
				F32271FD2D03470B005D51C8 /* FirebaseFirestore in Frameworks */,
				F32271F72D03470B005D51C8 /* FirebaseAuthCombine-Community in Frameworks */,
			);
			runOnlyForDeploymentPostprocessing = 0;
		};
		F32271DF2D034697005D51C8 /* Frameworks */ = {
			isa = PBXFrameworksBuildPhase;
			buildActionMask = 2147483647;
			files = (
				F32271E32D034697005D51C8 /* FirebaseHelper.framework in Frameworks */,
				F3BA88772D04A142001B624F /* FitFoodCore.framework in Frameworks */,
			);
			runOnlyForDeploymentPostprocessing = 0;
		};
/* End PBXFrameworksBuildPhase section */

/* Begin PBXGroup section */
		F32271D02D034697005D51C8 = {
			isa = PBXGroup;
			children = (
				F32271DC2D034697005D51C8 /* FirebaseHelper */,
				F32271E62D034697005D51C8 /* FirebaseHelperTests */,
				F3BA88672D049CF4001B624F /* Frameworks */,
				F32271DB2D034697005D51C8 /* Products */,
			);
			sourceTree = "<group>";
		};
		F32271DB2D034697005D51C8 /* Products */ = {
			isa = PBXGroup;
			children = (
				F32271DA2D034697005D51C8 /* FirebaseHelper.framework */,
				F32271E22D034697005D51C8 /* FirebaseHelperTests.xctest */,
			);
			name = Products;
			sourceTree = "<group>";
		};
		F3BA88672D049CF4001B624F /* Frameworks */ = {
			isa = PBXGroup;
			children = (
				F3BA88762D04A142001B624F /* FitFoodCore.framework */,
				F3BA88732D04A120001B624F /* FitFoodCore.framework */,
			);
			name = Frameworks;
			sourceTree = "<group>";
		};
/* End PBXGroup section */

/* Begin PBXHeadersBuildPhase section */
		F32271D52D034697005D51C8 /* Headers */ = {
			isa = PBXHeadersBuildPhase;
			buildActionMask = 2147483647;
			files = (
			);
			runOnlyForDeploymentPostprocessing = 0;
		};
/* End PBXHeadersBuildPhase section */

/* Begin PBXNativeTarget section */
		F32271D92D034697005D51C8 /* FirebaseHelper */ = {
			isa = PBXNativeTarget;
			buildConfigurationList = F32271EB2D034697005D51C8 /* Build configuration list for PBXNativeTarget "FirebaseHelper" */;
			buildPhases = (
				F32271D52D034697005D51C8 /* Headers */,
				F32271D62D034697005D51C8 /* Sources */,
				F32271D72D034697005D51C8 /* Frameworks */,
				F32271D82D034697005D51C8 /* Resources */,
				F3BA886B2D049CF4001B624F /* Embed Frameworks */,
			);
			buildRules = (
			);
			dependencies = (
			);
			fileSystemSynchronizedGroups = (
				F32271DC2D034697005D51C8 /* FirebaseHelper */,
			);
			name = FirebaseHelper;
			packageProductDependencies = (
				F32271F42D03470B005D51C8 /* FirebaseAuth */,
				F32271F62D03470B005D51C8 /* FirebaseAuthCombine-Community */,
				F32271F82D03470B005D51C8 /* FirebaseCore */,
				F32271FA2D03470B005D51C8 /* FirebaseDatabase */,
				F32271FC2D03470B005D51C8 /* FirebaseFirestore */,
				F32271FE2D03470B005D51C8 /* FirebaseFirestoreCombine-Community */,
				F32272002D03470B005D51C8 /* FirebaseStorage */,
				F32272022D03470B005D51C8 /* FirebaseStorageCombine-Community */,
			);
			productName = FirebaseHelper;
			productReference = F32271DA2D034697005D51C8 /* FirebaseHelper.framework */;
			productType = "com.apple.product-type.framework";
		};
		F32271E12D034697005D51C8 /* FirebaseHelperTests */ = {
			isa = PBXNativeTarget;
			buildConfigurationList = F32271F02D034697005D51C8 /* Build configuration list for PBXNativeTarget "FirebaseHelperTests" */;
			buildPhases = (
				F32271DE2D034697005D51C8 /* Sources */,
				F32271DF2D034697005D51C8 /* Frameworks */,
				F32271E02D034697005D51C8 /* Resources */,
				F3BA88792D04A142001B624F /* Embed Frameworks */,
			);
			buildRules = (
			);
			dependencies = (
				F32271E52D034697005D51C8 /* PBXTargetDependency */,
			);
			fileSystemSynchronizedGroups = (
				F32271E62D034697005D51C8 /* FirebaseHelperTests */,
			);
			name = FirebaseHelperTests;
			packageProductDependencies = (
			);
			productName = FirebaseHelperTests;
			productReference = F32271E22D034697005D51C8 /* FirebaseHelperTests.xctest */;
			productType = "com.apple.product-type.bundle.unit-test";
		};
/* End PBXNativeTarget section */

/* Begin PBXProject section */
		F32271D12D034697005D51C8 /* Project object */ = {
			isa = PBXProject;
			attributes = {
				BuildIndependentTargetsInParallel = 1;
				LastSwiftUpdateCheck = 1610;
				LastUpgradeCheck = 1610;
				TargetAttributes = {
					F32271D92D034697005D51C8 = {
						CreatedOnToolsVersion = 16.1;
						LastSwiftMigration = 1610;
					};
					F32271E12D034697005D51C8 = {
						CreatedOnToolsVersion = 16.1;
					};
				};
			};
			buildConfigurationList = F32271D42D034697005D51C8 /* Build configuration list for PBXProject "FirebaseHelper" */;
			developmentRegion = en;
			hasScannedForEncodings = 0;
			knownRegions = (
				en,
				Base,
			);
			mainGroup = F32271D02D034697005D51C8;
			minimizedProjectReferenceProxies = 1;
			packageReferences = (
				F32271F32D03470B005D51C8 /* XCRemoteSwiftPackageReference "firebase-ios-sdk" */,
			);
			preferredProjectObjectVersion = 77;
			productRefGroup = F32271DB2D034697005D51C8 /* Products */;
			projectDirPath = "";
			projectRoot = "";
			targets = (
				F32271D92D034697005D51C8 /* FirebaseHelper */,
				F32271E12D034697005D51C8 /* FirebaseHelperTests */,
			);
		};
/* End PBXProject section */

/* Begin PBXResourcesBuildPhase section */
		F32271D82D034697005D51C8 /* Resources */ = {
			isa = PBXResourcesBuildPhase;
			buildActionMask = 2147483647;
			files = (
			);
			runOnlyForDeploymentPostprocessing = 0;
		};
		F32271E02D034697005D51C8 /* Resources */ = {
			isa = PBXResourcesBuildPhase;
			buildActionMask = 2147483647;
			files = (
			);
			runOnlyForDeploymentPostprocessing = 0;
		};
/* End PBXResourcesBuildPhase section */

/* Begin PBXSourcesBuildPhase section */
		F32271D62D034697005D51C8 /* Sources */ = {
			isa = PBXSourcesBuildPhase;
			buildActionMask = 2147483647;
			files = (
			);
			runOnlyForDeploymentPostprocessing = 0;
		};
		F32271DE2D034697005D51C8 /* Sources */ = {
			isa = PBXSourcesBuildPhase;
			buildActionMask = 2147483647;
			files = (
			);
			runOnlyForDeploymentPostprocessing = 0;
		};
/* End PBXSourcesBuildPhase section */

/* Begin PBXTargetDependency section */
		F32271E52D034697005D51C8 /* PBXTargetDependency */ = {
			isa = PBXTargetDependency;
			target = F32271D92D034697005D51C8 /* FirebaseHelper */;
			targetProxy = F32271E42D034697005D51C8 /* PBXContainerItemProxy */;
		};
/* End PBXTargetDependency section */

/* Begin XCBuildConfiguration section */
		F32271EC2D034697005D51C8 /* Debug */ = {
			isa = XCBuildConfiguration;
			buildSettings = {
				ALLOW_TARGET_PLATFORM_SPECIALIZATION = YES;
				BUILD_LIBRARY_FOR_DISTRIBUTION = YES;
				CLANG_ENABLE_MODULES = YES;
				CODE_SIGN_STYLE = Automatic;
				CURRENT_PROJECT_VERSION = 1;
				DEFINES_MODULE = YES;
				DEVELOPMENT_TEAM = 274HLPKXV5;
				DYLIB_COMPATIBILITY_VERSION = 1;
				DYLIB_CURRENT_VERSION = 1;
				DYLIB_INSTALL_NAME_BASE = "@rpath";
				ENABLE_MODULE_VERIFIER = YES;
				GENERATE_INFOPLIST_FILE = YES;
				INFOPLIST_KEY_NSHumanReadableCopyright = "";
				INSTALL_PATH = "$(LOCAL_LIBRARY_DIR)/Frameworks";
				IPHONEOS_DEPLOYMENT_TARGET = 18.1;
				LD_RUNPATH_SEARCH_PATHS = (
					"@executable_path/Frameworks",
					"@loader_path/Frameworks",
				);
				"LD_RUNPATH_SEARCH_PATHS[sdk=macosx*]" = (
					"@executable_path/../Frameworks",
					"@loader_path/Frameworks",
				);
				MACOSX_DEPLOYMENT_TARGET = 15.1;
				MARKETING_VERSION = 1.0;
				MODULE_VERIFIER_SUPPORTED_LANGUAGES = "objective-c objective-c++";
				MODULE_VERIFIER_SUPPORTED_LANGUAGE_STANDARDS = "gnu17 gnu++20";
				OTHER_SWIFT_FLAGS = "-no-verify-emitted-module-interface";
				PRODUCT_BUNDLE_IDENTIFIER = com.mime.fitFood.firebaseHelper;
				PRODUCT_NAME = "$(TARGET_NAME:c99extidentifier)";
				SDKROOT = auto;
				SKIP_INSTALL = YES;
				SUPPORTED_PLATFORMS = "iphoneos iphonesimulator macosx xros xrsimulator";
				SWIFT_EMIT_LOC_STRINGS = YES;
				SWIFT_INSTALL_OBJC_HEADER = NO;
				SWIFT_OPTIMIZATION_LEVEL = "-Onone";
				SWIFT_VERSION = 5.0;
				TARGETED_DEVICE_FAMILY = "1,2,7";
				XROS_DEPLOYMENT_TARGET = 2.1;
			};
			name = Debug;
		};
		F32271ED2D034697005D51C8 /* Release */ = {
			isa = XCBuildConfiguration;
			buildSettings = {
				ALLOW_TARGET_PLATFORM_SPECIALIZATION = YES;
				BUILD_LIBRARY_FOR_DISTRIBUTION = YES;
				CLANG_ENABLE_MODULES = YES;
				CODE_SIGN_STYLE = Automatic;
				CURRENT_PROJECT_VERSION = 1;
				DEFINES_MODULE = YES;
				DEVELOPMENT_TEAM = 274HLPKXV5;
				DYLIB_COMPATIBILITY_VERSION = 1;
				DYLIB_CURRENT_VERSION = 1;
				DYLIB_INSTALL_NAME_BASE = "@rpath";
				ENABLE_MODULE_VERIFIER = YES;
				GENERATE_INFOPLIST_FILE = YES;
				INFOPLIST_KEY_NSHumanReadableCopyright = "";
				INSTALL_PATH = "$(LOCAL_LIBRARY_DIR)/Frameworks";
				IPHONEOS_DEPLOYMENT_TARGET = 18.1;
				LD_RUNPATH_SEARCH_PATHS = (
					"@executable_path/Frameworks",
					"@loader_path/Frameworks",
				);
				"LD_RUNPATH_SEARCH_PATHS[sdk=macosx*]" = (
					"@executable_path/../Frameworks",
					"@loader_path/Frameworks",
				);
				MACOSX_DEPLOYMENT_TARGET = 15.1;
				MARKETING_VERSION = 1.0;
				MODULE_VERIFIER_SUPPORTED_LANGUAGES = "objective-c objective-c++";
				MODULE_VERIFIER_SUPPORTED_LANGUAGE_STANDARDS = "gnu17 gnu++20";
				OTHER_SWIFT_FLAGS = "-no-verify-emitted-module-interface";
				PRODUCT_BUNDLE_IDENTIFIER = com.mime.fitFood.firebaseHelper;
				PRODUCT_NAME = "$(TARGET_NAME:c99extidentifier)";
				SDKROOT = auto;
				SKIP_INSTALL = YES;
				SUPPORTED_PLATFORMS = "iphoneos iphonesimulator macosx xros xrsimulator";
				SWIFT_EMIT_LOC_STRINGS = YES;
				SWIFT_INSTALL_OBJC_HEADER = NO;
				SWIFT_VERSION = 5.0;
				TARGETED_DEVICE_FAMILY = "1,2,7";
				XROS_DEPLOYMENT_TARGET = 2.1;
			};
			name = Release;
		};
		F32271EE2D034697005D51C8 /* Debug */ = {
			isa = XCBuildConfiguration;
			buildSettings = {
				ALWAYS_SEARCH_USER_PATHS = NO;
				ASSETCATALOG_COMPILER_GENERATE_SWIFT_ASSET_SYMBOL_EXTENSIONS = YES;
				CLANG_ANALYZER_NONNULL = YES;
				CLANG_ANALYZER_NUMBER_OBJECT_CONVERSION = YES_AGGRESSIVE;
				CLANG_CXX_LANGUAGE_STANDARD = "gnu++20";
				CLANG_ENABLE_MODULES = YES;
				CLANG_ENABLE_OBJC_ARC = YES;
				CLANG_ENABLE_OBJC_WEAK = YES;
				CLANG_WARN_BLOCK_CAPTURE_AUTORELEASING = YES;
				CLANG_WARN_BOOL_CONVERSION = YES;
				CLANG_WARN_COMMA = YES;
				CLANG_WARN_CONSTANT_CONVERSION = YES;
				CLANG_WARN_DEPRECATED_OBJC_IMPLEMENTATIONS = YES;
				CLANG_WARN_DIRECT_OBJC_ISA_USAGE = YES_ERROR;
				CLANG_WARN_DOCUMENTATION_COMMENTS = YES;
				CLANG_WARN_EMPTY_BODY = YES;
				CLANG_WARN_ENUM_CONVERSION = YES;
				CLANG_WARN_INFINITE_RECURSION = YES;
				CLANG_WARN_INT_CONVERSION = YES;
				CLANG_WARN_NON_LITERAL_NULL_CONVERSION = YES;
				CLANG_WARN_OBJC_IMPLICIT_RETAIN_SELF = YES;
				CLANG_WARN_OBJC_LITERAL_CONVERSION = YES;
				CLANG_WARN_OBJC_ROOT_CLASS = YES_ERROR;
				CLANG_WARN_QUOTED_INCLUDE_IN_FRAMEWORK_HEADER = YES;
				CLANG_WARN_RANGE_LOOP_ANALYSIS = YES;
				CLANG_WARN_STRICT_PROTOTYPES = YES;
				CLANG_WARN_SUSPICIOUS_MOVE = YES;
				CLANG_WARN_UNGUARDED_AVAILABILITY = YES_AGGRESSIVE;
				CLANG_WARN_UNREACHABLE_CODE = YES;
				CLANG_WARN__DUPLICATE_METHOD_MATCH = YES;
				COPY_PHASE_STRIP = NO;
				CURRENT_PROJECT_VERSION = 1;
				DEBUG_INFORMATION_FORMAT = dwarf;
				ENABLE_STRICT_OBJC_MSGSEND = YES;
				ENABLE_TESTABILITY = YES;
				ENABLE_USER_SCRIPT_SANDBOXING = YES;
				GCC_C_LANGUAGE_STANDARD = gnu17;
				GCC_DYNAMIC_NO_PIC = NO;
				GCC_NO_COMMON_BLOCKS = YES;
				GCC_OPTIMIZATION_LEVEL = 0;
				GCC_PREPROCESSOR_DEFINITIONS = (
					"DEBUG=1",
					"$(inherited)",
				);
				GCC_WARN_64_TO_32_BIT_CONVERSION = YES;
				GCC_WARN_ABOUT_RETURN_TYPE = YES_ERROR;
				GCC_WARN_UNDECLARED_SELECTOR = YES;
				GCC_WARN_UNINITIALIZED_AUTOS = YES_AGGRESSIVE;
				GCC_WARN_UNUSED_FUNCTION = YES;
				GCC_WARN_UNUSED_VARIABLE = YES;
				LOCALIZATION_PREFERS_STRING_CATALOGS = YES;
				MTL_ENABLE_DEBUG_INFO = INCLUDE_SOURCE;
				MTL_FAST_MATH = YES;
				ONLY_ACTIVE_ARCH = YES;
				SWIFT_ACTIVE_COMPILATION_CONDITIONS = "DEBUG $(inherited)";
				SWIFT_OPTIMIZATION_LEVEL = "-Onone";
				VERSIONING_SYSTEM = "apple-generic";
				VERSION_INFO_PREFIX = "";
			};
			name = Debug;
		};
		F32271EF2D034697005D51C8 /* Release */ = {
			isa = XCBuildConfiguration;
			buildSettings = {
				ALWAYS_SEARCH_USER_PATHS = NO;
				ASSETCATALOG_COMPILER_GENERATE_SWIFT_ASSET_SYMBOL_EXTENSIONS = YES;
				CLANG_ANALYZER_NONNULL = YES;
				CLANG_ANALYZER_NUMBER_OBJECT_CONVERSION = YES_AGGRESSIVE;
				CLANG_CXX_LANGUAGE_STANDARD = "gnu++20";
				CLANG_ENABLE_MODULES = YES;
				CLANG_ENABLE_OBJC_ARC = YES;
				CLANG_ENABLE_OBJC_WEAK = YES;
				CLANG_WARN_BLOCK_CAPTURE_AUTORELEASING = YES;
				CLANG_WARN_BOOL_CONVERSION = YES;
				CLANG_WARN_COMMA = YES;
				CLANG_WARN_CONSTANT_CONVERSION = YES;
				CLANG_WARN_DEPRECATED_OBJC_IMPLEMENTATIONS = YES;
				CLANG_WARN_DIRECT_OBJC_ISA_USAGE = YES_ERROR;
				CLANG_WARN_DOCUMENTATION_COMMENTS = YES;
				CLANG_WARN_EMPTY_BODY = YES;
				CLANG_WARN_ENUM_CONVERSION = YES;
				CLANG_WARN_INFINITE_RECURSION = YES;
				CLANG_WARN_INT_CONVERSION = YES;
				CLANG_WARN_NON_LITERAL_NULL_CONVERSION = YES;
				CLANG_WARN_OBJC_IMPLICIT_RETAIN_SELF = YES;
				CLANG_WARN_OBJC_LITERAL_CONVERSION = YES;
				CLANG_WARN_OBJC_ROOT_CLASS = YES_ERROR;
				CLANG_WARN_QUOTED_INCLUDE_IN_FRAMEWORK_HEADER = YES;
				CLANG_WARN_RANGE_LOOP_ANALYSIS = YES;
				CLANG_WARN_STRICT_PROTOTYPES = YES;
				CLANG_WARN_SUSPICIOUS_MOVE = YES;
				CLANG_WARN_UNGUARDED_AVAILABILITY = YES_AGGRESSIVE;
				CLANG_WARN_UNREACHABLE_CODE = YES;
				CLANG_WARN__DUPLICATE_METHOD_MATCH = YES;
				COPY_PHASE_STRIP = NO;
				CURRENT_PROJECT_VERSION = 1;
				DEBUG_INFORMATION_FORMAT = "dwarf-with-dsym";
				ENABLE_NS_ASSERTIONS = NO;
				ENABLE_STRICT_OBJC_MSGSEND = YES;
				ENABLE_USER_SCRIPT_SANDBOXING = YES;
				GCC_C_LANGUAGE_STANDARD = gnu17;
				GCC_NO_COMMON_BLOCKS = YES;
				GCC_WARN_64_TO_32_BIT_CONVERSION = YES;
				GCC_WARN_ABOUT_RETURN_TYPE = YES_ERROR;
				GCC_WARN_UNDECLARED_SELECTOR = YES;
				GCC_WARN_UNINITIALIZED_AUTOS = YES_AGGRESSIVE;
				GCC_WARN_UNUSED_FUNCTION = YES;
				GCC_WARN_UNUSED_VARIABLE = YES;
				LOCALIZATION_PREFERS_STRING_CATALOGS = YES;
				MTL_ENABLE_DEBUG_INFO = NO;
				MTL_FAST_MATH = YES;
				SWIFT_COMPILATION_MODE = wholemodule;
				VERSIONING_SYSTEM = "apple-generic";
				VERSION_INFO_PREFIX = "";
			};
			name = Release;
		};
		F32271F12D034697005D51C8 /* Debug */ = {
			isa = XCBuildConfiguration;
			buildSettings = {
				ALLOW_TARGET_PLATFORM_SPECIALIZATION = YES;
				CODE_SIGN_STYLE = Automatic;
				CURRENT_PROJECT_VERSION = 1;
				DEVELOPMENT_TEAM = 274HLPKXV5;
				GENERATE_INFOPLIST_FILE = YES;
				IPHONEOS_DEPLOYMENT_TARGET = 18.1;
				MACOSX_DEPLOYMENT_TARGET = 15.1;
				MARKETING_VERSION = 1.0;
				PRODUCT_BUNDLE_IDENTIFIER = com.mime.firebaseHelper.FirebaseHelperTests;
				PRODUCT_NAME = "$(TARGET_NAME)";
				SDKROOT = auto;
				SUPPORTED_PLATFORMS = "iphoneos iphonesimulator macosx xros xrsimulator";
				SWIFT_EMIT_LOC_STRINGS = NO;
				SWIFT_VERSION = 5.0;
				TARGETED_DEVICE_FAMILY = "1,2,7";
				XROS_DEPLOYMENT_TARGET = 2.1;
			};
			name = Debug;
		};
		F32271F22D034697005D51C8 /* Release */ = {
			isa = XCBuildConfiguration;
			buildSettings = {
				ALLOW_TARGET_PLATFORM_SPECIALIZATION = YES;
				CODE_SIGN_STYLE = Automatic;
				CURRENT_PROJECT_VERSION = 1;
				DEVELOPMENT_TEAM = 274HLPKXV5;
				GENERATE_INFOPLIST_FILE = YES;
				IPHONEOS_DEPLOYMENT_TARGET = 18.1;
				MACOSX_DEPLOYMENT_TARGET = 15.1;
				MARKETING_VERSION = 1.0;
				PRODUCT_BUNDLE_IDENTIFIER = com.mime.firebaseHelper.FirebaseHelperTests;
				PRODUCT_NAME = "$(TARGET_NAME)";
				SDKROOT = auto;
				SUPPORTED_PLATFORMS = "iphoneos iphonesimulator macosx xros xrsimulator";
				SWIFT_EMIT_LOC_STRINGS = NO;
				SWIFT_VERSION = 5.0;
				TARGETED_DEVICE_FAMILY = "1,2,7";
				XROS_DEPLOYMENT_TARGET = 2.1;
			};
			name = Release;
		};
/* End XCBuildConfiguration section */

/* Begin XCConfigurationList section */
		F32271D42D034697005D51C8 /* Build configuration list for PBXProject "FirebaseHelper" */ = {
			isa = XCConfigurationList;
			buildConfigurations = (
				F32271EE2D034697005D51C8 /* Debug */,
				F32271EF2D034697005D51C8 /* Release */,
			);
			defaultConfigurationIsVisible = 0;
			defaultConfigurationName = Release;
		};
		F32271EB2D034697005D51C8 /* Build configuration list for PBXNativeTarget "FirebaseHelper" */ = {
			isa = XCConfigurationList;
			buildConfigurations = (
				F32271EC2D034697005D51C8 /* Debug */,
				F32271ED2D034697005D51C8 /* Release */,
			);
			defaultConfigurationIsVisible = 0;
			defaultConfigurationName = Release;
		};
		F32271F02D034697005D51C8 /* Build configuration list for PBXNativeTarget "FirebaseHelperTests" */ = {
			isa = XCConfigurationList;
			buildConfigurations = (
				F32271F12D034697005D51C8 /* Debug */,
				F32271F22D034697005D51C8 /* Release */,
			);
			defaultConfigurationIsVisible = 0;
			defaultConfigurationName = Release;
		};
/* End XCConfigurationList section */

/* Begin XCRemoteSwiftPackageReference section */
		F32271F32D03470B005D51C8 /* XCRemoteSwiftPackageReference "firebase-ios-sdk" */ = {
			isa = XCRemoteSwiftPackageReference;
			repositoryURL = "https://github.com/firebase/firebase-ios-sdk";
			requirement = {
				kind = upToNextMajorVersion;
				minimumVersion = 11.6.0;
			};
		};
/* End XCRemoteSwiftPackageReference section */

/* Begin XCSwiftPackageProductDependency section */
		F32271F42D03470B005D51C8 /* FirebaseAuth */ = {
			isa = XCSwiftPackageProductDependency;
			package = F32271F32D03470B005D51C8 /* XCRemoteSwiftPackageReference "firebase-ios-sdk" */;
			productName = FirebaseAuth;
		};
		F32271F62D03470B005D51C8 /* FirebaseAuthCombine-Community */ = {
			isa = XCSwiftPackageProductDependency;
			package = F32271F32D03470B005D51C8 /* XCRemoteSwiftPackageReference "firebase-ios-sdk" */;
			productName = "FirebaseAuthCombine-Community";
		};
		F32271F82D03470B005D51C8 /* FirebaseCore */ = {
			isa = XCSwiftPackageProductDependency;
			package = F32271F32D03470B005D51C8 /* XCRemoteSwiftPackageReference "firebase-ios-sdk" */;
			productName = FirebaseCore;
		};
		F32271FA2D03470B005D51C8 /* FirebaseDatabase */ = {
			isa = XCSwiftPackageProductDependency;
			package = F32271F32D03470B005D51C8 /* XCRemoteSwiftPackageReference "firebase-ios-sdk" */;
			productName = FirebaseDatabase;
		};
		F32271FC2D03470B005D51C8 /* FirebaseFirestore */ = {
			isa = XCSwiftPackageProductDependency;
			package = F32271F32D03470B005D51C8 /* XCRemoteSwiftPackageReference "firebase-ios-sdk" */;
			productName = FirebaseFirestore;
		};
		F32271FE2D03470B005D51C8 /* FirebaseFirestoreCombine-Community */ = {
			isa = XCSwiftPackageProductDependency;
			package = F32271F32D03470B005D51C8 /* XCRemoteSwiftPackageReference "firebase-ios-sdk" */;
			productName = "FirebaseFirestoreCombine-Community";
		};
		F32272002D03470B005D51C8 /* FirebaseStorage */ = {
			isa = XCSwiftPackageProductDependency;
			package = F32271F32D03470B005D51C8 /* XCRemoteSwiftPackageReference "firebase-ios-sdk" */;
			productName = FirebaseStorage;
		};
		F32272022D03470B005D51C8 /* FirebaseStorageCombine-Community */ = {
			isa = XCSwiftPackageProductDependency;
			package = F32271F32D03470B005D51C8 /* XCRemoteSwiftPackageReference "firebase-ios-sdk" */;
			productName = "FirebaseStorageCombine-Community";
		};
/* End XCSwiftPackageProductDependency section */
	};
	rootObject = F32271D12D034697005D51C8 /* Project object */;
}
